{
  "nodes": {
    "aeneas": {
      "inputs": {
        "charon": [
          "charon"
        ],
        "flake-utils": [
          "aeneas",
          "charon",
          "flake-utils"
        ],
        "fstar": "fstar",
        "nixpkgs": [
          "aeneas",
          "charon",
          "nixpkgs"
        ]
      },
      "locked": {
        "lastModified": 1781268192,
        "narHash": "sha256-ef68sJtVdKlIr7IiZSehFlG87m1BjW5HSG8PYxbs3Lg=",
        "owner": "AeneasVerif",
        "repo": "aeneas",
        "rev": "bf13c42e7c34d07fc396baffad39c93023b12914",
        "type": "github"
      },
      "original": {
        "owner": "AeneasVerif",
        "repo": "aeneas",
        "rev": "bf13c42e7c34d07fc396baffad39c93023b12914",
        "type": "github"
      }
    },
    "batteries-src": {
      "flake": false,
      "locked": {
        "lastModified": 1774643380,
        "narHash": "sha256-sEIDi2i2FaLTgKYWt/kzqPrjMdf+bFURfhw6ZZWBawQ=",
        "owner": "leanprover-community",
        "repo": "batteries",
        "rev": "756e3321fd3b02a85ffda19fef789916223e578c",
        "type": "github"
      },
      "original": {
        "owner": "leanprover-community",
        "repo": "batteries",
        "rev": "756e3321fd3b02a85ffda19fef789916223e578c",
        "type": "github"
      }
    },
    "charon": {
      "inputs": {
        "crane": "crane",
        "flake-compat": "flake-compat",
        "flake-utils": "flake-utils_2",
        "nixpkgs": "nixpkgs_2",
        "rust-overlay": "rust-overlay"
      },
      "locked": {
        "lastModified": 1780674781,
        "narHash": "sha256-sn/efedcaOhewtH4aSBvzmHH2bhOngokZ/x9jJ/ptTY=",
        "owner": "AeneasVerif",
        "repo": "charon",
        "rev": "9dd7f23c8458b2366ce0b5ca7529c5ad4c5fb350",
        "type": "github"
      },
      "original": {
        "owner": "AeneasVerif",
        "repo": "charon",
        "rev": "9dd7f23c8458b2366ce0b5ca7529c5ad4c5fb350",
        "type": "github"
      }
    },
    "crane": {
      "locked": {
        "lastModified": 1743700120,
        "narHash": "sha256-8BjG/P0xnuCyVOXlYRwdI1B8nVtyYLf3oDwPSimqREY=",
        "owner": "ipetkov",
        "repo": "crane",
        "rev": "e316f19ee058e6db50075115783be57ac549c389",
        "type": "github"
      },
      "original": {
        "owner": "ipetkov",
        "repo": "crane",
        "type": "github"
      }
    },
    "flake-compat": {
      "locked": {
        "lastModified": 1733328505,
        "narHash": "sha256-NeCCThCEP3eCl2l/+27kNNK7QrwZB1IJCrXfrbv5oqU=",
        "owner": "edolstra",
        "repo": "flake-compat",
        "rev": "ff81ac966bb2cae68946d5ed5fc4994f96d0ffec",
        "type": "github"
      },
      "original": {
        "owner": "edolstra",
        "repo": "flake-compat",
        "type": "github"
      }
    },
    "flake-utils": {
      "inputs": {
        "systems": "systems"
      },
      "locked": {
        "lastModified": 1731533236,
        "narHash": "sha256-l0KFg5HjrsfsO/JpG+r7fRrqm12kzFHyUHqHCVpMMbI=",
        "owner": "numtide",
        "repo": "flake-utils",
        "rev": "11707dc2f618dd54ca8739b309ec4fc024de578b",
        "type": "github"
      },
      "original": {
        "id": "flake-utils",
        "type": "indirect"
      }
    },
    "flake-utils_2": {
      "inputs": {
        "systems": "systems_2"
      },
      "locked": {
        "lastModified": 1726560853,
        "narHash": "sha256-X6rJYSESBVr3hBoH0WbKE5KvhPU5bloyZ2L4K60/fPQ=",
        "owner": "numtide",
        "repo": "flake-utils",
        "rev": "c1dfcf08411b08f6b8615f7d8971a2bfa81d5e8a",
        "type": "github"
      },
      "original": {
        "owner": "numtide",
        "repo": "flake-utils",
        "type": "github"
      }
    },
    "fstar": {
      "inputs": {
        "flake-utils": "flake-utils",
        "nixpkgs": "nixpkgs"
      },
      "locked": {
        "lastModified": 1773420322,
        "narHash": "sha256-24p4oLISFCehrfYAXORuEm6WzvWgRMhoApYnwUjSfPM=",
        "owner": "FStarLang",
        "repo": "fstar",
        "rev": "7c23ae87427d49f73626f3bd045d7980f00b2685",
        "type": "github"
      },
      "original": {
        "owner": "FStarLang",
        "repo": "fstar",
        "type": "github"
      }
    },
    "lean-regex-src": {
      "flake": false,
      "locked": {
        "lastModified": 1775980608,
        "narHash": "sha256-cK97zcJBg2dWZF/3qgNxnGneUGRAnC2i1v6QIVlrcqM=",
        "owner": "pandaman64",
        "repo": "lean-regex",
        "rev": "cdfe4c8469625510e0e4d5b3d2af51e6acd8e100",
        "type": "github"
      },
      "original": {
        "owner": "pandaman64",
        "repo": "lean-regex",
        "rev": "cdfe4c8469625510e0e4d5b3d2af51e6acd8e100",
        "type": "github"
      }
    },
    "nixpkgs": {
      "locked": {
        "lastModified": 1759381078,
        "narHash": "sha256-gTrEEp5gEspIcCOx9PD8kMaF1iEmfBcTbO0Jag2QhQs=",
        "owner": "NixOS",
        "repo": "nixpkgs",
        "rev": "7df7ff7d8e00218376575f0acdcc5d66741351ee",
        "type": "github"
      },
      "original": {
        "id": "nixpkgs",
        "ref": "nixos-unstable",
        "type": "indirect"
      }
    },
    "nixpkgs_2": {
      "locked": {
        "lastModified": 1762111121,
        "narHash": "sha256-4vhDuZ7OZaZmKKrnDpxLZZpGIJvAeMtK6FKLJYUtAdw=",
        "owner": "NixOS",
        "repo": "nixpkgs",
        "rev": "b3d51a0365f6695e7dd5cdf3e180604530ed33b4",
        "type": "github"
      },
      "original": {
        "id": "nixpkgs",
        "ref": "nixos-unstable",
        "type": "indirect"
      }
    },
    "nixpkgs_3": {
      "locked": {
        "lastModified": 1787814960,
        "narHash": "sha256-PYZq1qzCJXC2zGI0mH07vrZBsw6DRBAOX0jN1pPtqOQ=",
        "owner": "NixOS",
        "repo": "nixpkgs",
        "rev": "c27cdad491a991b11ed731760aa2ef8db0cb0410",
        "type": "github"
      },
      "original": {
        "owner": "NixOS",
        "repo": "nixpkgs",
        "rev": "c27cdad491a991b11ed731760aa2ef8db0cb0410",
        "type": "github"
      }
    },
    "root": {
      "inputs": {
        "aeneas": "aeneas",
        "batteries-src": "batteries-src",
        "charon": "charon",
        "lean-regex-src": "lean-regex-src",
        "nixpkgs": "nixpkgs_3",
        "thales-src": "thales-src"
      }
    },
    "rust-overlay": {
      "inputs": {
        "nixpkgs": [
          "charon",
          "nixpkgs"
        ]
      },
      "locked": {
        "lastModified": 1780284119,
        "narHash": "sha256-y2wR4Mk6D/N1ID4FZa2oUMStCUxyIoRzmgOOpLzoWmo=",
        "owner": "oxalica",
        "repo": "rust-overlay",
        "rev": "51390d0bfca0a68a8c337d215a4bbeddc2ca616e",
        "type": "github"
      },
      "original": {
        "owner": "oxalica",
        "repo": "rust-overlay",
        "rev": "51390d0bfca0a68a8c337d215a4bbeddc2ca616e",
        "type": "github"
      }
    },
    "systems": {
      "locked": {
        "lastModified": 1681028828,
        "narHash": "sha256-Vy1rq5AaRuLzOxct8nz4T6wlgyUR7zLU309k9mBC768=",
        "owner": "nix-systems",
        "repo": "default",
        "rev": "da67096a3b9bf56a91d16901293e51ba5b49a27e",
        "type": "github"
      },
      "original": {
        "owner": "nix-systems",
        "repo": "default",
        "type": "github"
      }
    },
    "systems_2": {
      "locked": {
        "lastModified": 1681028828,
        "narHash": "sha256-Vy1rq5AaRuLzOxct8nz4T6wlgyUR7zLU309k9mBC768=",
        "owner": "nix-systems",
        "repo": "default",
        "rev": "da67096a3b9bf56a91d16901293e51ba5b49a27e",
        "type": "github"
      },
      "original": {
        "owner": "nix-systems",
        "repo": "default",
        "type": "github"
      }
    },
    "thales-src": {
      "flake": false,
      "locked": {
        "lastModified": 1782844232,
        "narHash": "sha256-zqnU3mdmj6e+HvD95BFll8rP8M8UOtzp6SRVjP5JAJc=",
        "owner": "jessealama",
        "repo": "thales",
        "rev": "55b03fb3fbbcca615cb438b2492d6a1c115d0394",
        "type": "github"
      },
      "original": {
        "owner": "jessealama",
        "repo": "thales",
        "rev": "55b03fb3fbbcca615cb438b2492d6a1c115d0394",
        "type": "github"
      }
    }
  },
  "root": "root",
  "version": 7
}
